{
    "name": "sonozap-backend",
    "version": "1.0.0",
    "lockfileVersion": 3,
    "requires": true,
    "packages": {
        "": {
            "name": "sonozap-backend",
            "version": "1.0.0",
            "dependencies": {
                "fastify": "^4.25.2",
                "graphql": "^16.8.1",
                "mercurius": "^13.3.3"
            },
            "devDependencies": {
                "@swc/cli": "0.1.63",
                "@swc/core": "1.3.101",
                "@swc/jest": "0.2.29",
                "@types/node": "^20.10.6"
            }
        },
        "../../node_modules/.pnpm/@swc+cli@0.1.63_@swc+core@1.3.101/node_modules/@swc/cli": {
            "version": "0.1.63",
            "dev": true,
            "license": "MIT",
            "dependencies": {
                "@mole-inc/bin-wrapper": "^8.0.1",
                "commander": "^7.1.0",
                "fast-glob": "^3.2.5",
                "semver": "^7.3.8",
                "slash": "3.0.0",
                "source-map": "^0.7.3"
            },
            "bin": {
                "spack": "bin/spack.js",
                "swc": "bin/swc.js",
                "swcx": "bin/swcx.js"
            },
            "devDependencies": {
                "@swc/cli": "^0.1.43",
                "@swc/core": "^1.2.66",
                "@swc/jest": "^0.1.2",
                "@types/jest": "^29.5.0",
                "@types/node": "^12.19.16",
                "@types/semver": "^7.3.13",
                "chokidar": "^3.5.1",
                "deepmerge": "^4.2.2",
                "jest": "^29.5.0",
                "nano-staged": "^0.4.5",
                "prettier": "^2.5.1",
                "simple-git-hooks": "^2.7.0",
                "ts-jest": "^29.0.5",
                "typescript": "~4.3.2"
            },
            "engines": {
                "node": ">= 12.13"
            },
            "peerDependencies": {
                "@swc/core": "^1.2.66",
                "chokidar": "^3.5.1"
            },
            "peerDependenciesMeta": {
                "chokidar": {
                    "optional": true
                }
            }
        },
        "../../node_modules/.pnpm/@swc+core@1.3.101/node_modules/@swc/core": {
            "version": "1.3.101",
            "dev": true,
            "hasInstallScript": true,
            "license": "Apache-2.0",
            "dependencies": {
                "@swc/counter": "^0.1.1",
                "@swc/types": "^0.1.5"
            },
            "devDependencies": {
                "@babel/compat-data": "^7.23.2",
                "@babel/core": "^7.13.16",
                "@babel/generator": "^7.18.13",
                "@babel/plugin-proposal-class-properties": "^7.13.0",
                "@babel/plugin-proposal-decorators": "^7.13.15",
                "@babel/plugin-proposal-object-rest-spread": "^7.13.8",
                "@babel/preset-env": "^7.13.15",
                "@babel/preset-react": "^7.13.13",
                "@babel/preset-typescript": "^7.13.0",
                "@babel/types": "^7.14.0",
                "@napi-rs/cli": "^3.0.0-alpha.22",
                "@swc/core": "=1.2.220",
                "@swc/helpers": "^0.5.0",
                "@swc/plugin-jest": "latest",
                "@taplo/cli": "^0.5.2",
                "@types/jest": "^29.5.11",
                "@types/node": "^20.5.0",
                "@types/terser": "^3.12.0",
                "acorn": "^8.6.0",
                "acorn-jsx": "^5.3.2",
                "axios": "^0.21.1",
                "babel-plugin-transform-node-env-inline": "^0.4.3",
                "benchmark": "^2.1.4",
                "bootstrap": "^5.2.1",
                "class-validator": "^0.13.1",
                "core-js": "^2.6.11",
                "core-js-compat": "^3.33.1",
                "cross-env": "^7.0.3",
                "cspell": "^5.12.3",
                "expect": "^27.4.2",
                "glob": "^8.0.3",
                "husky": "^7.0.2",
                "jest": "^29.7.0",
                "js-beautify": "^1.14.3",
                "lint-staged": "^12.3.6",
                "lodash": "^4.17.21",
                "mocha": "^9.1.3",
                "npm-run-all": "^4.1.5",
                "prettier": "^2.6.2",
                "progress": "^2.0.3",
                "prop-types": "^15.7.2",
                "react": "^17.0.2",
                "reflect-metadata": "^0.1.13",
                "regenerator-runtime": "^0.13.9",
                "source-map": "^0.7.3",
                "source-map-support": "^0.5.19",
                "sourcemap-validator": "^2.1.0",
                "swc-plugin-coverage-instrument": "^0.0.12",
                "terser": "^5.7.1",
                "ts-node": "^10.5.0",
                "typescript": "^5.3.3"
            },
            "engines": {
                "node": ">=10"
            },
            "funding": {
                "type": "opencollective",
                "url": "https://opencollective.com/swc"
            },
            "optionalDependencies": {
                "@swc/core-darwin-arm64": "1.3.101",
                "@swc/core-darwin-x64": "1.3.101",
                "@swc/core-linux-arm-gnueabihf": "1.3.101",
                "@swc/core-linux-arm64-gnu": "1.3.101",
                "@swc/core-linux-arm64-musl": "1.3.101",
                "@swc/core-linux-x64-gnu": "1.3.101",
                "@swc/core-linux-x64-musl": "1.3.101",
                "@swc/core-win32-arm64-msvc": "1.3.101",
                "@swc/core-win32-ia32-msvc": "1.3.101",
                "@swc/core-win32-x64-msvc": "1.3.101"
            },
            "peerDependencies": {
                "@swc/helpers": "^0.5.0"
            },
            "peerDependenciesMeta": {
                "@swc/helpers": {
                    "optional": true
                }
            }
        },
        "../../node_modules/.pnpm/@swc+jest@0.2.29_@swc+core@1.3.101/node_modules/@swc/jest": {
            "version": "0.2.29",
            "dev": true,
            "license": "MIT",
            "dependencies": {
                "@jest/create-cache-key-function": "^27.4.2",
                "jsonc-parser": "^3.2.0"
            },
            "devDependencies": {
                "@jest/transform": "^27.5.1",
                "@swc/core": "^1.2.177",
                "@types/node": "^16.11.12",
                "@typescript-eslint/eslint-plugin": "^5.6.0",
                "@typescript-eslint/parser": "^5.6.0",
                "eslint": "^8.4.1",
                "jest": "^27.4.4",
                "typescript": "^4.5.3"
            },
            "engines": {
                "npm": ">= 7.0.0"
            },
            "peerDependencies": {
                "@swc/core": "*"
            }
        },
        "../../node_modules/.pnpm/fastify@4.25.2/node_modules/fastify": {
            "version": "4.25.2",
            "license": "MIT",
            "dependencies": {
                "@fastify/ajv-compiler": "^3.5.0",
                "@fastify/error": "^3.4.0",
                "@fastify/fast-json-stringify-compiler": "^4.3.0",
                "abstract-logging": "^2.0.1",
                "avvio": "^8.2.1",
                "fast-content-type-parse": "^1.1.0",
                "fast-json-stringify": "^5.8.0",
                "find-my-way": "^7.7.0",
                "light-my-request": "^5.11.0",
                "pino": "^8.17.0",
                "process-warning": "^3.0.0",
                "proxy-addr": "^2.0.7",
                "rfdc": "^1.3.0",
                "secure-json-parse": "^2.7.0",
                "semver": "^7.5.4",
                "toad-cache": "^3.3.0"
            },
            "devDependencies": {
                "@fastify/pre-commit": "^2.0.2",
                "@sinclair/typebox": "^0.31.17",
                "@sinonjs/fake-timers": "^11.1.0",
                "@types/node": "^20.8.4",
                "@typescript-eslint/eslint-plugin": "^6.7.5",
                "@typescript-eslint/parser": "^6.7.5",
                "ajv": "^8.12.0",
                "ajv-errors": "^3.0.0",
                "ajv-formats": "^2.1.1",
                "ajv-i18n": "^4.2.0",
                "ajv-merge-patch": "^5.0.1",
                "branch-comparer": "^1.1.0",
                "c8": "^8.0.1",
                "cross-env": "^7.0.3",
                "eslint": "^8.51.0",
                "eslint-config-standard": "^17.1.0",
                "eslint-import-resolver-node": "^0.3.9",
                "eslint-plugin-import": "^2.28.1",
                "eslint-plugin-n": "^16.2.0",
                "eslint-plugin-promise": "^6.1.1",
                "fast-json-body": "^1.1.0",
                "fastify-plugin": "^4.5.1",
                "fluent-json-schema": "^4.1.2",
                "form-data": "^4.0.0",
                "h2url": "^0.2.0",
                "http-errors": "^2.0.0",
                "joi": "^17.11.0",
                "json-schema-to-ts": "^2.9.2",
                "JSONStream": "^1.3.5",
                "markdownlint-cli2": "^0.10.0",
                "node-forge": "^1.3.1",
                "proxyquire": "^2.1.3",
                "send": "^0.18.0",
                "simple-get": "^4.0.1",
                "snazzy": "^9.0.0",
                "split2": "^4.2.0",
                "standard": "^17.1.0",
                "tap": "^16.3.9",
                "tsd": "^0.29.0",
                "typescript": "^5.2.2",
                "undici": "^5.26.0",
                "vary": "^1.1.2",
                "yup": "^1.3.2"
            }
        },
        "../../node_modules/.pnpm/graphql@16.8.1/node_modules/graphql": {
            "version": "16.8.1",
            "license": "MIT",
            "engines": {
                "node": "^12.22.0 || ^14.16.0 || ^16.0.0 || >=17.0.0"
            }
        },
        "../../node_modules/.pnpm/mercurius@13.3.3_graphql@16.8.1/node_modules/mercurius": {
            "version": "13.3.3",
            "license": "MIT",
            "dependencies": {
                "@fastify/error": "^3.0.0",
                "@fastify/static": "^6.0.0",
                "@fastify/websocket": "^8.0.0",
                "fastify-plugin": "^4.2.0",
                "graphql-jit": "^0.8.0",
                "mqemitter": "^5.0.0",
                "p-map": "^4.0.0",
                "readable-stream": "^4.0.0",
                "safe-stable-stringify": "^2.3.0",
                "secure-json-parse": "^2.7.0",
                "single-user-cache": "^0.6.0",
                "tiny-lru": "^11.0.0",
                "undici": "5.28.1",
                "ws": "^8.2.2"
            },
            "devDependencies": {
                "@graphql-tools/merge": "^9.0.0",
                "@graphql-tools/schema": "^10.0.0",
                "@graphql-tools/utils": "^10.0.0",
                "@sinonjs/fake-timers": "^11.0.0",
                "@types/isomorphic-form-data": "^2.0.0",
                "@types/node": "^20.1.4",
                "@types/ws": "^8.2.0",
                "@typescript-eslint/eslint-plugin": "^5.21.0",
                "@typescript-eslint/parser": "^5.21.0",
                "autocannon": "^7.3.0",
                "concurrently": "^8.0.1",
                "docsify-cli": "^4.4.3",
                "fastify": "^4.17.0",
                "graphql": "^16.0.0",
                "graphql-ws": "^5.11.2",
                "pre-commit": "^1.2.2",
                "proxyquire": "^2.1.3",
                "semver": "^7.5.0",
                "sinon": "^17.0.0",
                "snazzy": "^9.0.0",
                "split2": "^4.0.0",
                "standard": "^17.0.0",
                "tap": "^16.3.0",
                "tsd": "^0.30.0",
                "typescript": "^5.0.2",
                "wait-on": "^7.0.1"
            },
            "engines": {
                "node": ">=14.19.3"
            },
            "peerDependencies": {
                "graphql": "^16.0.0"
            }
        },
        "node_modules/@swc/cli": {
            "resolved": "../../node_modules/.pnpm/@swc+cli@0.1.63_@swc+core@1.3.101/node_modules/@swc/cli",
            "link": true
        },
        "node_modules/@swc/core": {
            "resolved": "../../node_modules/.pnpm/@swc+core@1.3.101/node_modules/@swc/core",
            "link": true
        },
        "node_modules/@swc/jest": {
            "resolved": "../../node_modules/.pnpm/@swc+jest@0.2.29_@swc+core@1.3.101/node_modules/@swc/jest",
            "link": true
        },
        "node_modules/@types/node": {
            "version": "20.10.6",
            "resolved": "https://registry.npmjs.org/@types/node/-/node-20.10.6.tgz",
            "integrity": "sha512-Vac8H+NlRNNlAmDfGUP7b5h/KA+AtWIzuXy0E6OyP8f1tCLYAtPvKRRDJjAPqhpCb0t6U2j7/xqAuLEebW2kiw==",
            "dev": true,
            "dependencies": {
                "undici-types": "~5.26.4"
            }
        },
        "node_modules/fastify": {
            "resolved": "../../node_modules/.pnpm/fastify@4.25.2/node_modules/fastify",
            "link": true
        },
        "node_modules/graphql": {
            "resolved": "../../node_modules/.pnpm/graphql@16.8.1/node_modules/graphql",
            "link": true
        },
        "node_modules/mercurius": {
            "resolved": "../../node_modules/.pnpm/mercurius@13.3.3_graphql@16.8.1/node_modules/mercurius",
            "link": true
        },
        "node_modules/undici-types": {
            "version": "5.26.5",
            "resolved": "https://registry.npmjs.org/undici-types/-/undici-types-5.26.5.tgz",
            "integrity": "sha512-JlCMO+ehdEIKqlFxk6IfVoAUVmgz7cU7zD/h9XZ0qzeosSHmUJVOzSQvvYSYWXkFXC+IfLKSIffhv0sVZup6pA==",
            "dev": true
        }
    }
}
